
Microsoft Visual Studio Solution File, Format Version 12.00
# Visual Studio Version 17
VisualStudioVersion = 17.14.36811.4
MinimumVisualStudioVersion = 10.0.40219.1
Project("{FAE04EC0-301F-11D3-BF4B-00C04F79EFBC}") = "MyWeb", "MyWeb\MyWeb.csproj", "{812500BA-8010-4B7D-B949-C916F53664CD}"
EndProject
Global
	GlobalSection(SolutionConfigurationPlatforms) = preSolution
		Debug|Any CPU = Debug|Any CPU
		Release|Any CPU = Release|Any CPU
	EndGlobalSection
	GlobalSection(ProjectConfigurationPlatforms) = postSolution
		{812500BA-8010-4B7D-B949-C916F53664CD}.Debug|Any CPU.ActiveCfg = Debug|Any CPU
		{812500BA-8010-4B7D-B949-C916F53664CD}.Debug|Any CPU.Build.0 = Debug|Any CPU
		{812500BA-8010-4B7D-B949-C916F53664CD}.Release|Any CPU.ActiveCfg = Release|Any CPU
		{812500BA-8010-4B7D-B949-C916F53664CD}.Release|Any CPU.Build.0 = Release|Any CPU
	EndGlobalSection
	GlobalSection(SolutionProperties) = preSolution
		HideSolutionNode = FALSE
	EndGlobalSection
	GlobalSection(ExtensibilityGlobals) = postSolution
		SolutionGuid = {086008B9-0EFE-4C32-B9FD-C310252E32D5}
	EndGlobalSection
EndGlobal
